{
  "version": "4",
  "specifiers": {
    "jsr:@radashi-org/radashi@^12.4.0": "12.4.0",
    "jsr:@std/csv@^1.0.5": "1.0.5",
    "jsr:@std/path@^1.0.8": "1.0.8",
    "jsr:@std/streams@^1.0.8": "1.0.9",
    "npm:@typescript-to-lua/language-extensions@^1.19.0": "1.19.0",
    "npm:love-typescript-definitions@^11.5.0": "11.5.0",
    "npm:lua-types@^2.13.1": "2.13.1",
    "npm:preact@^10.25.2": "10.25.4",
    "npm:typescript-to-lua@1.31.0": "1.31.0_typescript@5.8.2",
    "npm:typescript-to-lua@^1.31.0": "1.31.0_typescript@5.8.2"
  },
  "jsr": {
    "@radashi-org/radashi@12.4.0": {
      "integrity": "f74afa6d052b9132fad20c6f036cf04efe6801f0690e9704e1c86f7935c18ed1"
    },
    "@std/csv@1.0.5": {
      "integrity": "02006ffd77e84b2bf01968d4e792f0b5cba057c73dc6a89accb96d803493675f",
      "dependencies": [
        "jsr:@std/streams"
      ]
    },
    "@std/path@1.0.8": {
      "integrity": "548fa456bb6a04d3c1a1e7477986b6cffbce95102d0bb447c67c4ee70e0364be"
    },
    "@std/streams@1.0.9": {
      "integrity": "a9d26b1988cdd7aa7b1f4b51e1c36c1557f3f252880fa6cc5b9f37078b1a5035"
    }
  },
  "npm": {
    "@typescript-to-lua/language-extensions@1.19.0": {
      "integrity": "sha512-Os5wOKwviTD4LeqI29N0btYOjokSJ97iCf45EOjIABlb5IwNQy7AE/AqZJobRw3ywHH8+KzJUMkEirWPzh2tUA=="
    },
    "enhanced-resolve@5.8.2": {
      "integrity": "sha512-F27oB3WuHDzvR2DOGNTaYy0D5o0cnrv8TeI482VM4kYgQd/FT9lUQwuNsJ0oOHtBUq7eiW5ytqzp7nBFknL+GA==",
      "dependencies": [
        "graceful-fs",
        "tapable"
      ]
    },
    "function-bind@1.1.2": {
      "integrity": "sha512-7XHNxH7qX9xG5mIwxkhumTox/MIRNcOgDrxWsMt2pAr23WHp6MrRlN7FBSFpCpr+oVO0F744iUgR82nJMfG2SA=="
    },
    "graceful-fs@4.2.11": {
      "integrity": "sha512-RbJ5/jmFcNNCcDV5o9eTnBLJ/HszWV0P73bc+Ff4nS/rJj+YaS6IGyiOL0VoBYX+l1Wrl3k63h/KrH+nhJ0XvQ=="
    },
    "hasown@2.0.2": {
      "integrity": "sha512-0hJU9SCPvmMzIBdZFqNPXWa6dqh7WdH0cII9y+CyS8rG3nL48Bclra9HmKhVVUHyPWNH5Y7xDwAB7bfgSjkUMQ==",
      "dependencies": [
        "function-bind"
      ]
    },
    "is-core-module@2.16.1": {
      "integrity": "sha512-UfoeMA6fIJ8wTYFEUjelnaGI67v6+N7qXJEvQuIGa99l4xsCruSYOVSQ0uPANn4dAzm8lkYPaKLrrijLq7x23w==",
      "dependencies": [
        "hasown"
      ]
    },
    "love-typescript-definitions@11.5.0": {
      "integrity": "sha512-eoWptNL0aTDhtW9ylZo+qxMoY1byvjw/rGdt8hTL9b4ugyHRKuKE4BLW8yKhc/h0hdy0xQlR8kQVEnaFV5w4MQ=="
    },
    "lua-types@2.13.1": {
      "integrity": "sha512-rRwtvX6kS+5MpuO3xpvKsnYjdSDDI064Qq1OqX8gY+r+0l7m3dFLiZPDFoHqH22jaBpEvcHcPs6+WD7qkdmFsA=="
    },
    "path-parse@1.0.7": {
      "integrity": "sha512-LDJzPVEEEPR+y48z93A0Ed0yXb8pAByGWo/k5YYdYgpY2/2EsOsksJrq7lOHxryrVOn1ejG6oAp8ahvOIQD8sw=="
    },
    "picomatch@2.3.1": {
      "integrity": "sha512-JU3teHTNjmE2VCGFzuY8EXzCDVwEqB2a8fsIvwaStHhAWJEeVd1o1QD80CU6+ZdEXXSLbSsuLwJjkCBWqRQUVA=="
    },
    "preact@10.25.4": {
      "integrity": "sha512-jLdZDb+Q+odkHJ+MpW/9U5cODzqnB+fy2EiHSZES7ldV5LK7yjlVzTp7R8Xy6W6y75kfK8iWYtFVH7lvjwrCMA=="
    },
    "resolve@1.22.10": {
      "integrity": "sha512-NPRy+/ncIMeDlTAsuqwKIiferiawhefFJtkNSW0qZJEqMEb+qBt/77B/jGeeek+F0uOeN05CDa6HXbbIgtVX4w==",
      "dependencies": [
        "is-core-module",
        "path-parse",
        "supports-preserve-symlinks-flag"
      ]
    },
    "source-map@0.7.4": {
      "integrity": "sha512-l3BikUxvPOcn5E74dZiq5BGsTb5yEwhaTSzccU6t4sDOH8NWJCstKO5QT2CvtFoK6F0saL7p9xHAqHOlCPJygA=="
    },
    "supports-preserve-symlinks-flag@1.0.0": {
      "integrity": "sha512-ot0WnXS9fgdkgIcePe6RHNk1WA8+muPa6cSjeR3V8K27q9BB1rTE3R1p7Hv0z1ZyAc8s6Vvv8DIyWf681MAt0w=="
    },
    "tapable@2.2.1": {
      "integrity": "sha512-GNzQvQTOIP6RyTfE2Qxb8ZVlNmw0n88vp1szwWRimP02mnTsx3Wtn5qRdqY9w2XduFNUgvOwhNnQsjwCp+kqaQ=="
    },
    "typescript-to-lua@1.31.0_typescript@5.8.2": {
      "integrity": "sha512-hbHso6C1g2sKZkwI2J9wUij4PUyBF/Hw0tpZOHtaBOa8CcJXXYvdlmh7dJ34bKgwiBzbc7KalPLX1D8a1WjYQA==",
      "dependencies": [
        "@typescript-to-lua/language-extensions",
        "enhanced-resolve",
        "picomatch",
        "resolve",
        "source-map",
        "typescript"
      ]
    },
    "typescript@5.8.2": {
      "integrity": "sha512-aJn6wq13/afZp/jT9QZmwEjDqqvSGp1VT5GVg+f/t6/oVyrgXM6BY1h9BRh/O5p3PlUPAe+WuiEZOmb/49RqoQ=="
    }
  },
  "workspace": {
    "dependencies": [
      "jsr:@radashi-org/radashi@^12.4.0",
      "jsr:@std/csv@^1.0.5",
      "jsr:@std/path@^1.0.8",
      "npm:@typescript-to-lua/language-extensions@^1.19.0",
      "npm:love-typescript-definitions@^11.5.0",
      "npm:lua-types@^2.13.1",
      "npm:typescript-to-lua@^1.31.0"
    ]
  }
}
